
Microsoft Visual Studio Solution File, Format Version 12.00
# Visual Studio Version 16
VisualStudioVersion = 16.0.808.2
MinimumVisualStudioVersion = 10.0.40219.1
Project("{FAE04EC0-301F-11D3-BF4B-00C04F79EFBC}") = "advent-of-code-2020", "advent-of-code-2020.csproj", "{81940356-380D-4833-A723-AA413F39503D}"
EndProject
Global
	GlobalSection(SolutionConfigurationPlatforms) = preSolution
		Debug|Any CPU = Debug|Any CPU
		Release|Any CPU = Release|Any CPU
	EndGlobalSection
	GlobalSection(ProjectConfigurationPlatforms) = postSolution
		{81940356-380D-4833-A723-AA413F39503D}.Debug|Any CPU.ActiveCfg = Debug|Any CPU
		{81940356-380D-4833-A723-AA413F39503D}.Debug|Any CPU.Build.0 = Debug|Any CPU
		{81940356-380D-4833-A723-AA413F39503D}.Release|Any CPU.ActiveCfg = Release|Any CPU
		{81940356-380D-4833-A723-AA413F39503D}.Release|Any CPU.Build.0 = Release|Any CPU
	EndGlobalSection
	GlobalSection(SolutionProperties) = preSolution
		HideSolutionNode = FALSE
	EndGlobalSection
	GlobalSection(ExtensibilityGlobals) = postSolution
		SolutionGuid = {72FEE7DA-13C1-4048-B6DE-46E60672F655}
	EndGlobalSection
EndGlobal
